
Microsoft Visual Studio Solution File, Format Version 12.00
# Visual Studio Version 16
VisualStudioVersion = 16.0.29926.136
MinimumVisualStudioVersion = 10.0.40219.1
Project("{8BC9CEB8-8B4A-11D0-8D11-00A0C91BC942}") = "Speaka", "Speaka\Speaka.vcxproj", "{3111D40F-06E6-43AE-A116-F4AC99BD1A6E}"
EndProject
Project("{8BC9CEB8-8B4A-11D0-8D11-00A0C91BC942}") = "SpeakaLib", "SpeakaLib\SpeakaLib.vcxproj", "{A61894D6-76D6-44E2-99EB-AB38B5EAB45E}"
EndProject
Project("{8BC9CEB8-8B4A-11D0-8D11-00A0C91BC942}") = "AudioDeviceList", "AudioDeviceList\AudioDeviceList.vcxproj", "{5F9550D0-A2CD-4E7E-B321-188699FCED73}"
EndProject
Project("{8BC9CEB8-8B4A-11D0-8D11-00A0C91BC942}") = "Speakers", "Speakers\Speakers.vcxproj", "{EB614088-92E6-41D4-9E84-914938508A1D}"
EndProject
Project("{8BC9CEB8-8B4A-11D0-8D11-00A0C91BC942}") = "Headphones", "Headphones\Headphones.vcxproj", "{CB616611-099E-4D60-8AB9-8748636EE612}"
EndProject
Project("{2150E333-8FDC-42A3-9474-1A3956D46DE8}") = "OneClickSwitch", "OneClickSwitch", "{1314FEA1-21D7-4AF5-8E5B-A0C9E6AD4E8A}"
EndProject
Project("{8BC9CEB8-8B4A-11D0-8D11-00A0C91BC942}") = "Headset", "Headset\Headset.vcxproj", "{8C3F0558-9CC4-432A-8D1C-737FB7F7FD08}"
EndProject
Project("{8BC9CEB8-8B4A-11D0-8D11-00A0C91BC942}") = "SPDIF", "SPDIF\SPDIF.vcxproj", "{7356EF77-ED0E-4372-9BD6-870C198A67E8}"
EndProject
Project("{8BC9CEB8-8B4A-11D0-8D11-00A0C91BC942}") = "DigitalAudioDisplayDevice", "DigitalAudioDisplayDevice\DigitalAudioDisplayDevice.vcxproj", "{2AB92EDC-2EBC-4E8B-ABD3-12DE27A17F27}"
EndProject
Global
	GlobalSection(SolutionConfigurationPlatforms) = preSolution
		Debug|x64 = Debug|x64
		Debug|x86 = Debug|x86
		Release|x64 = Release|x64
		Release|x86 = Release|x86
	EndGlobalSection
	GlobalSection(ProjectConfigurationPlatforms) = postSolution
		{3111D40F-06E6-43AE-A116-F4AC99BD1A6E}.Debug|x64.ActiveCfg = Debug|x64
		{3111D40F-06E6-43AE-A116-F4AC99BD1A6E}.Debug|x64.Build.0 = Debug|x64
		{3111D40F-06E6-43AE-A116-F4AC99BD1A6E}.Debug|x86.ActiveCfg = Debug|Win32
		{3111D40F-06E6-43AE-A116-F4AC99BD1A6E}.Debug|x86.Build.0 = Debug|Win32
		{3111D40F-06E6-43AE-A116-F4AC99BD1A6E}.Release|x64.ActiveCfg = Release|x64
		{3111D40F-06E6-43AE-A116-F4AC99BD1A6E}.Release|x64.Build.0 = Release|x64
		{3111D40F-06E6-43AE-A116-F4AC99BD1A6E}.Release|x86.ActiveCfg = Release|Win32
		{3111D40F-06E6-43AE-A116-F4AC99BD1A6E}.Release|x86.Build.0 = Release|Win32
		{A61894D6-76D6-44E2-99EB-AB38B5EAB45E}.Debug|x64.ActiveCfg = Debug|x64
		{A61894D6-76D6-44E2-99EB-AB38B5EAB45E}.Debug|x64.Build.0 = Debug|x64
		{A61894D6-76D6-44E2-99EB-AB38B5EAB45E}.Debug|x86.ActiveCfg = Debug|Win32
		{A61894D6-76D6-44E2-99EB-AB38B5EAB45E}.Debug|x86.Build.0 = Debug|Win32
		{A61894D6-76D6-44E2-99EB-AB38B5EAB45E}.Release|x64.ActiveCfg = Release|x64
		{A61894D6-76D6-44E2-99EB-AB38B5EAB45E}.Release|x64.Build.0 = Release|x64
		{A61894D6-76D6-44E2-99EB-AB38B5EAB45E}.Release|x86.ActiveCfg = Release|Win32
		{A61894D6-76D6-44E2-99EB-AB38B5EAB45E}.Release|x86.Build.0 = Release|Win32
		{5F9550D0-A2CD-4E7E-B321-188699FCED73}.Debug|x64.ActiveCfg = Debug|x64
		{5F9550D0-A2CD-4E7E-B321-188699FCED73}.Debug|x64.Build.0 = Debug|x64
		{5F9550D0-A2CD-4E7E-B321-188699FCED73}.Debug|x86.ActiveCfg = Debug|Win32
		{5F9550D0-A2CD-4E7E-B321-188699FCED73}.Debug|x86.Build.0 = Debug|Win32
		{5F9550D0-A2CD-4E7E-B321-188699FCED73}.Release|x64.ActiveCfg = Release|x64
		{5F9550D0-A2CD-4E7E-B321-188699FCED73}.Release|x64.Build.0 = Release|x64
		{5F9550D0-A2CD-4E7E-B321-188699FCED73}.Release|x86.ActiveCfg = Release|Win32
		{5F9550D0-A2CD-4E7E-B321-188699FCED73}.Release|x86.Build.0 = Release|Win32
		{EB614088-92E6-41D4-9E84-914938508A1D}.Debug|x64.ActiveCfg = Debug|x64
		{EB614088-92E6-41D4-9E84-914938508A1D}.Debug|x64.Build.0 = Debug|x64
		{EB614088-92E6-41D4-9E84-914938508A1D}.Debug|x86.ActiveCfg = Debug|Win32
		{EB614088-92E6-41D4-9E84-914938508A1D}.Debug|x86.Build.0 = Debug|Win32
		{EB614088-92E6-41D4-9E84-914938508A1D}.Release|x64.ActiveCfg = Release|x64
		{EB614088-92E6-41D4-9E84-914938508A1D}.Release|x64.Build.0 = Release|x64
		{EB614088-92E6-41D4-9E84-914938508A1D}.Release|x86.ActiveCfg = Release|Win32
		{EB614088-92E6-41D4-9E84-914938508A1D}.Release|x86.Build.0 = Release|Win32
		{CB616611-099E-4D60-8AB9-8748636EE612}.Debug|x64.ActiveCfg = Debug|x64
		{CB616611-099E-4D60-8AB9-8748636EE612}.Debug|x64.Build.0 = Debug|x64
		{CB616611-099E-4D60-8AB9-8748636EE612}.Debug|x86.ActiveCfg = Debug|Win32
		{CB616611-099E-4D60-8AB9-8748636EE612}.Debug|x86.Build.0 = Debug|Win32
		{CB616611-099E-4D60-8AB9-8748636EE612}.Release|x64.ActiveCfg = Release|x64
		{CB616611-099E-4D60-8AB9-8748636EE612}.Release|x64.Build.0 = Release|x64
		{CB616611-099E-4D60-8AB9-8748636EE612}.Release|x86.ActiveCfg = Release|Win32
		{CB616611-099E-4D60-8AB9-8748636EE612}.Release|x86.Build.0 = Release|Win32
		{8C3F0558-9CC4-432A-8D1C-737FB7F7FD08}.Debug|x64.ActiveCfg = Debug|x64
		{8C3F0558-9CC4-432A-8D1C-737FB7F7FD08}.Debug|x64.Build.0 = Debug|x64
		{8C3F0558-9CC4-432A-8D1C-737FB7F7FD08}.Debug|x86.ActiveCfg = Debug|Win32
		{8C3F0558-9CC4-432A-8D1C-737FB7F7FD08}.Debug|x86.Build.0 = Debug|Win32
		{8C3F0558-9CC4-432A-8D1C-737FB7F7FD08}.Release|x64.ActiveCfg = Release|x64
		{8C3F0558-9CC4-432A-8D1C-737FB7F7FD08}.Release|x64.Build.0 = Release|x64
		{8C3F0558-9CC4-432A-8D1C-737FB7F7FD08}.Release|x86.ActiveCfg = Release|Win32
		{8C3F0558-9CC4-432A-8D1C-737FB7F7FD08}.Release|x86.Build.0 = Release|Win32
		{7356EF77-ED0E-4372-9BD6-870C198A67E8}.Debug|x64.ActiveCfg = Debug|x64
		{7356EF77-ED0E-4372-9BD6-870C198A67E8}.Debug|x64.Build.0 = Debug|x64
		{7356EF77-ED0E-4372-9BD6-870C198A67E8}.Debug|x86.ActiveCfg = Debug|Win32
		{7356EF77-ED0E-4372-9BD6-870C198A67E8}.Debug|x86.Build.0 = Debug|Win32
		{7356EF77-ED0E-4372-9BD6-870C198A67E8}.Release|x64.ActiveCfg = Release|x64
		{7356EF77-ED0E-4372-9BD6-870C198A67E8}.Release|x64.Build.0 = Release|x64
		{7356EF77-ED0E-4372-9BD6-870C198A67E8}.Release|x86.ActiveCfg = Release|Win32
		{7356EF77-ED0E-4372-9BD6-870C198A67E8}.Release|x86.Build.0 = Release|Win32
		{2AB92EDC-2EBC-4E8B-ABD3-12DE27A17F27}.Debug|x64.ActiveCfg = Debug|x64
		{2AB92EDC-2EBC-4E8B-ABD3-12DE27A17F27}.Debug|x64.Build.0 = Debug|x64
		{2AB92EDC-2EBC-4E8B-ABD3-12DE27A17F27}.Debug|x86.ActiveCfg = Debug|Win32
		{2AB92EDC-2EBC-4E8B-ABD3-12DE27A17F27}.Debug|x86.Build.0 = Debug|Win32
		{2AB92EDC-2EBC-4E8B-ABD3-12DE27A17F27}.Release|x64.ActiveCfg = Release|x64
		{2AB92EDC-2EBC-4E8B-ABD3-12DE27A17F27}.Release|x64.Build.0 = Release|x64
		{2AB92EDC-2EBC-4E8B-ABD3-12DE27A17F27}.Release|x86.ActiveCfg = Release|Win32
		{2AB92EDC-2EBC-4E8B-ABD3-12DE27A17F27}.Release|x86.Build.0 = Release|Win32
	EndGlobalSection
	GlobalSection(SolutionProperties) = preSolution
		HideSolutionNode = FALSE
	EndGlobalSection
	GlobalSection(NestedProjects) = preSolution
		{EB614088-92E6-41D4-9E84-914938508A1D} = {1314FEA1-21D7-4AF5-8E5B-A0C9E6AD4E8A}
		{CB616611-099E-4D60-8AB9-8748636EE612} = {1314FEA1-21D7-4AF5-8E5B-A0C9E6AD4E8A}
		{8C3F0558-9CC4-432A-8D1C-737FB7F7FD08} = {1314FEA1-21D7-4AF5-8E5B-A0C9E6AD4E8A}
		{7356EF77-ED0E-4372-9BD6-870C198A67E8} = {1314FEA1-21D7-4AF5-8E5B-A0C9E6AD4E8A}
		{2AB92EDC-2EBC-4E8B-ABD3-12DE27A17F27} = {1314FEA1-21D7-4AF5-8E5B-A0C9E6AD4E8A}
	EndGlobalSection
	GlobalSection(ExtensibilityGlobals) = postSolution
		SolutionGuid = {BAB61580-9471-42B3-BE9E-A9AD11EC2C13}
	EndGlobalSection
EndGlobal
